Microsoft Visual Studio Solution File, Format Version 12.00
# Visual Studio Version 17
VisualStudioVersion = 17.13.35825.156
MinimumVisualStudioVersion = 10.0.40219.1
Project("{FAE04EC0-301F-11D3-BF4B-00C04F79EFBC}") = "Integration.Api", "Integration.Api\Integration.Api.csproj", "{936031E9-8CDF-B05F-33A0-EFD5E97C551C}"
	ProjectSection(ProjectDependencies) = postProject
		{92327B52-1CE0-C4B4-3C9B-FD836009688A} = {92327B52-1CE0-C4B4-3C9B-FD836009688A}
	EndProjectSection
EndProject
Project("{FAE04EC0-301F-11D3-BF4B-00C04F79EFBC}") = "Integration.Application", "Integration.Application\Integration.Application.csproj", "{92327B52-1CE0-C4B4-3C9B-FD836009688A}"
EndProject
Project("{FAE04EC0-301F-11D3-BF4B-00C04F79EFBC}") = "Integration.Domain", "Integration.Domain\Integration.Domain.csproj", "{6DF9BE3E-4AA0-37E5-6C70-F6F1D53B9B35}"
EndProject
Project("{FAE04EC0-301F-11D3-BF4B-00C04F79EFBC}") = "Integration.Infrastructure", "Integration.Infrastructure\Integration.Infrastructure.csproj", "{31DDB43E-4EE6-C9A3-65AD-73FE7E625B5A}"
	ProjectSection(ProjectDependencies) = postProject
		{6DF9BE3E-4AA0-37E5-6C70-F6F1D53B9B35} = {6DF9BE3E-4AA0-37E5-6C70-F6F1D53B9B35}
	EndProjectSection
EndProject
Project("{FAE04EC0-301F-11D3-BF4B-00C04F79EFBC}") = "Integration.Worker", "Integration.Worker\Integration.Worker.csproj", "{60E33E28-6B46-4F85-9873-5B6CD8EE04A0}"
EndProject
Project("{2150E333-8FDC-42A3-9474-1A3956D46DE8}") = "Integration.Tests", "Integration.Tests", "{02EA681E-C7D8-13C7-8484-4AC65E1B71E8}"
EndProject
Project("{FAE04EC0-301F-11D3-BF4B-00C04F79EFBC}") = "Integration.Application.Tests", "Integration.Tests\Integration.Application.Tests\Integration.Application.Tests.csproj", "{B802D6D7-1FBE-4B57-8EC4-6B28AA2DDC6F}"
EndProject
Global
	GlobalSection(SolutionConfigurationPlatforms) = preSolution
		Debug|Any CPU = Debug|Any CPU
		Release|Any CPU = Release|Any CPU
	EndGlobalSection
	GlobalSection(ProjectConfigurationPlatforms) = postSolution
		{936031E9-8CDF-B05F-33A0-EFD5E97C551C}.Debug|Any CPU.ActiveCfg = Debug|Any CPU
		{936031E9-8CDF-B05F-33A0-EFD5E97C551C}.Debug|Any CPU.Build.0 = Debug|Any CPU
		{936031E9-8CDF-B05F-33A0-EFD5E97C551C}.Release|Any CPU.ActiveCfg = Release|Any CPU
		{936031E9-8CDF-B05F-33A0-EFD5E97C551C}.Release|Any CPU.Build.0 = Release|Any CPU
		{92327B52-1CE0-C4B4-3C9B-FD836009688A}.Debug|Any CPU.ActiveCfg = Debug|Any CPU
		{92327B52-1CE0-C4B4-3C9B-FD836009688A}.Debug|Any CPU.Build.0 = Debug|Any CPU
		{92327B52-1CE0-C4B4-3C9B-FD836009688A}.Release|Any CPU.ActiveCfg = Release|Any CPU
		{92327B52-1CE0-C4B4-3C9B-FD836009688A}.Release|Any CPU.Build.0 = Release|Any CPU
		{6DF9BE3E-4AA0-37E5-6C70-F6F1D53B9B35}.Debug|Any CPU.ActiveCfg = Debug|Any CPU
		{6DF9BE3E-4AA0-37E5-6C70-F6F1D53B9B35}.Debug|Any CPU.Build.0 = Debug|Any CPU
		{6DF9BE3E-4AA0-37E5-6C70-F6F1D53B9B35}.Release|Any CPU.ActiveCfg = Release|Any CPU
		{6DF9BE3E-4AA0-37E5-6C70-F6F1D53B9B35}.Release|Any CPU.Build.0 = Release|Any CPU
		{31DDB43E-4EE6-C9A3-65AD-73FE7E625B5A}.Debug|Any CPU.ActiveCfg = Debug|Any CPU
		{31DDB43E-4EE6-C9A3-65AD-73FE7E625B5A}.Debug|Any CPU.Build.0 = Debug|Any CPU
		{31DDB43E-4EE6-C9A3-65AD-73FE7E625B5A}.Release|Any CPU.ActiveCfg = Release|Any CPU
		{31DDB43E-4EE6-C9A3-65AD-73FE7E625B5A}.Release|Any CPU.Build.0 = Release|Any CPU
		{60E33E28-6B46-4F85-9873-5B6CD8EE04A0}.Debug|Any CPU.ActiveCfg = Debug|Any CPU
		{60E33E28-6B46-4F85-9873-5B6CD8EE04A0}.Debug|Any CPU.Build.0 = Debug|Any CPU
		{60E33E28-6B46-4F85-9873-5B6CD8EE04A0}.Release|Any CPU.ActiveCfg = Release|Any CPU
		{60E33E28-6B46-4F85-9873-5B6CD8EE04A0}.Release|Any CPU.Build.0 = Release|Any CPU
		{B802D6D7-1FBE-4B57-8EC4-6B28AA2DDC6F}.Debug|Any CPU.ActiveCfg = Debug|Any CPU
		{B802D6D7-1FBE-4B57-8EC4-6B28AA2DDC6F}.Debug|Any CPU.Build.0 = Debug|Any CPU
		{B802D6D7-1FBE-4B57-8EC4-6B28AA2DDC6F}.Release|Any CPU.ActiveCfg = Release|Any CPU
		{B802D6D7-1FBE-4B57-8EC4-6B28AA2DDC6F}.Release|Any CPU.Build.0 = Release|Any CPU
	EndGlobalSection
	GlobalSection(SolutionProperties) = preSolution
		HideSolutionNode = FALSE
	EndGlobalSection
	GlobalSection(NestedProjects) = preSolution
		{B802D6D7-1FBE-4B57-8EC4-6B28AA2DDC6F} = {02EA681E-C7D8-13C7-8484-4AC65E1B71E8}
	EndGlobalSection
	GlobalSection(ExtensibilityGlobals) = postSolution
		SolutionGuid = {B7D79C5E-DD0E-44AC-A208-BE8F4F75854D}
	EndGlobalSection
EndGlobal
